
Microsoft Visual Studio Solution File, Format Version 12.00
# Visual Studio Version 17
VisualStudioVersion = 17.11.35312.102
MinimumVisualStudioVersion = 10.0.40219.1
Project("{FAE04EC0-301F-11D3-BF4B-00C04F79EFBC}") = "ConsoleApp1", "ConsoleApp1\ConsoleApp1.csproj", "{6197A4A1-F0B1-42B5-A401-ECF40F5670BC}"
EndProject
Global
	GlobalSection(SolutionConfigurationPlatforms) = preSolution
		Debug|Any CPU = Debug|Any CPU
		Release|Any CPU = Release|Any CPU
	EndGlobalSection
	GlobalSection(ProjectConfigurationPlatforms) = postSolution
		{6197A4A1-F0B1-42B5-A401-ECF40F5670BC}.Debug|Any CPU.ActiveCfg = Debug|Any CPU
		{6197A4A1-F0B1-42B5-A401-ECF40F5670BC}.Debug|Any CPU.Build.0 = Debug|Any CPU
		{6197A4A1-F0B1-42B5-A401-ECF40F5670BC}.Release|Any CPU.ActiveCfg = Release|Any CPU
		{6197A4A1-F0B1-42B5-A401-ECF40F5670BC}.Release|Any CPU.Build.0 = Release|Any CPU
	EndGlobalSection
	GlobalSection(SolutionProperties) = preSolution
		HideSolutionNode = FALSE
	EndGlobalSection
	GlobalSection(ExtensibilityGlobals) = postSolution
		SolutionGuid = {B3CABA75-38FC-4E51-91F0-A0EF411507A2}
	EndGlobalSection
EndGlobal
